
Microsoft Visual Studio Solution File, Format Version 12.00
# Visual Studio Version 17
VisualStudioVersion = 17.12.35506.116
MinimumVisualStudioVersion = 10.0.40219.1
Project("{FAE04EC0-301F-11D3-BF4B-00C04F79EFBC}") = "RouterServer", "ServerSide\RouterServer.csproj", "{CD5EE67E-110F-479A-804F-CCBEF75EA31C}"
EndProject
Project("{FAE04EC0-301F-11D3-BF4B-00C04F79EFBC}") = "ClientSide", "Exec\ClientSide.csproj", "{EE90949A-4338-4E64-918A-6B65230FECF4}"
	ProjectSection(ProjectDependencies) = postProject
		{CD5EE67E-110F-479A-804F-CCBEF75EA31C} = {CD5EE67E-110F-479A-804F-CCBEF75EA31C}
	EndProjectSection
EndProject
Project("{FAE04EC0-301F-11D3-BF4B-00C04F79EFBC}") = "Proxy", "ServerSoap\Proxy.csproj", "{FCB747E1-F645-4B9E-8585-7CCD09355441}"
EndProject
Global
	GlobalSection(SolutionConfigurationPlatforms) = preSolution
		Debug|Any CPU = Debug|Any CPU
		Release|Any CPU = Release|Any CPU
	EndGlobalSection
	GlobalSection(ProjectConfigurationPlatforms) = postSolution
		{CD5EE67E-110F-479A-804F-CCBEF75EA31C}.Debug|Any CPU.ActiveCfg = Debug|Any CPU
		{CD5EE67E-110F-479A-804F-CCBEF75EA31C}.Debug|Any CPU.Build.0 = Debug|Any CPU
		{CD5EE67E-110F-479A-804F-CCBEF75EA31C}.Release|Any CPU.ActiveCfg = Release|Any CPU
		{CD5EE67E-110F-479A-804F-CCBEF75EA31C}.Release|Any CPU.Build.0 = Release|Any CPU
		{EE90949A-4338-4E64-918A-6B65230FECF4}.Debug|Any CPU.ActiveCfg = Debug|Any CPU
		{EE90949A-4338-4E64-918A-6B65230FECF4}.Debug|Any CPU.Build.0 = Debug|Any CPU
		{EE90949A-4338-4E64-918A-6B65230FECF4}.Release|Any CPU.ActiveCfg = Release|Any CPU
		{EE90949A-4338-4E64-918A-6B65230FECF4}.Release|Any CPU.Build.0 = Release|Any CPU
		{FCB747E1-F645-4B9E-8585-7CCD09355441}.Debug|Any CPU.ActiveCfg = Debug|Any CPU
		{FCB747E1-F645-4B9E-8585-7CCD09355441}.Debug|Any CPU.Build.0 = Debug|Any CPU
		{FCB747E1-F645-4B9E-8585-7CCD09355441}.Release|Any CPU.ActiveCfg = Release|Any CPU
		{FCB747E1-F645-4B9E-8585-7CCD09355441}.Release|Any CPU.Build.0 = Release|Any CPU
	EndGlobalSection
	GlobalSection(SolutionProperties) = preSolution
		HideSolutionNode = FALSE
	EndGlobalSection
	GlobalSection(ExtensibilityGlobals) = postSolution
		SolutionGuid = {9FD542CA-1B21-40BB-88A8-0894AFF17CDC}
	EndGlobalSection
EndGlobal
